PODS:
  - Capacitor (6.1.1):
    - CapacitorCordova
  - CapacitorApp (6.0.0):
    - Capacitor
  - CapacitorCordova (6.1.1)
  - CapacitorHaptics (6.0.0):
    - Capacitor
  - CapacitorKeyboard (6.0.1):
    - Capacitor
  - CapacitorLocalNotifications (6.0.0):
    - Capacitor
  - CapacitorPreferences (6.0.1):
    - Capacitor
  - CapacitorPushNotifications (6.0.1):
    - Capacitor
  - CapacitorSplashScreen (6.0.1):
    - Capacitor
  - CapacitorStatusBar (6.0.0):
    - Capacitor
  - HugotomaziCapacitorNavigationBar (4.0.1):
    - Capacitor

DEPENDENCIES:
  - "Capacitor (from `../../node_modules/@capacitor/ios`)"
  - "CapacitorApp (from `../../node_modules/@capacitor/app`)"
  - "CapacitorCordova (from `../../node_modules/@capacitor/ios`)"
  - "CapacitorHaptics (from `../../node_modules/@capacitor/haptics`)"
  - "CapacitorKeyboard (from `../../node_modules/@capacitor/keyboard`)"
  - "CapacitorLocalNotifications (from `../../node_modules/@capacitor/local-notifications`)"
  - "CapacitorPreferences (from `../../node_modules/@capacitor/preferences`)"
  - "CapacitorPushNotifications (from `../../node_modules/@capacitor/push-notifications`)"
  - "CapacitorSplashScreen (from `../../node_modules/@capacitor/splash-screen`)"
  - "CapacitorStatusBar (from `../../node_modules/@capacitor/status-bar`)"
  - "HugotomaziCapacitorNavigationBar (from `../../node_modules/@hugotomazi/capacitor-navigation-bar`)"

EXTERNAL SOURCES:
  Capacitor:
    :path: "../../node_modules/@capacitor/ios"
  CapacitorApp:
    :path: "../../node_modules/@capacitor/app"
  CapacitorCordova:
    :path: "../../node_modules/@capacitor/ios"
  CapacitorHaptics:
    :path: "../../node_modules/@capacitor/haptics"
  CapacitorKeyboard:
    :path: "../../node_modules/@capacitor/keyboard"
  CapacitorLocalNotifications:
    :path: "../../node_modules/@capacitor/local-notifications"
  CapacitorPreferences:
    :path: "../../node_modules/@capacitor/preferences"
  CapacitorPushNotifications:
    :path: "../../node_modules/@capacitor/push-notifications"
  CapacitorSplashScreen:
    :path: "../../node_modules/@capacitor/splash-screen"
  CapacitorStatusBar:
    :path: "../../node_modules/@capacitor/status-bar"
  HugotomaziCapacitorNavigationBar:
    :path: "../../node_modules/@hugotomazi/capacitor-navigation-bar"

SPEC CHECKSUMS:
  Capacitor: 8941aba4364ba9d1b22188569001f2ce45cc2b00
  CapacitorApp: 9d53aec7101f7b030a950c5bdc4df8612576b279
  CapacitorCordova: 8f2cc8d8d3619c566e9418fe8772064a94266106
  CapacitorHaptics: 9ebc9363f0e9b8eb4295088a0b474530acf1859b
  CapacitorKeyboard: 5f32a712adf41e07a61caafb82cf29fb6d8ba123
  CapacitorLocalNotifications: 4ab68f0be5f697a579558fadd307d823a9ec1c26
  CapacitorPreferences: 72909b165bc7807103778ddbb86d5d8ce06abf71
  CapacitorPushNotifications: 293fabe42c7229756078e81f2d3a60394ba4e5d8
  CapacitorSplashScreen: 61645214e8f955ff2b80f16a6a3648960fe4c89f
  CapacitorStatusBar: 2e4369f99166125435641b1908d05f561eaba6f6
  HugotomaziCapacitorNavigationBar: 57d7cd51c65ef5e40159bafb0095ee99fab432ba

PODFILE CHECKSUM: 411670f6525dab0ab12a7eeda3791cb76c06b29e

COCOAPODS: 1.15.2
